{
  "name": "@tbiegner99/kareoke",
  "version": "0.0.1",
  "lockfileVersion": 3,
  "requires": true,
  "packages": {
    "": {
      "name": "@tbiegner99/kareoke",
      "version": "0.0.1",
      "hasInstallScript": true,
      "license": "ISC",
      "bin": {
        "kareoke": "scripts/kareoke.sh"
      }
    }
  }
}
